
Microsoft Visual Studio Solution File, Format Version 12.00
# Visual Studio Version 17
VisualStudioVersion = 17.14.36616.10 d17.14
MinimumVisualStudioVersion = 10.0.40219.1
Project("{FAE04EC0-301F-11D3-BF4B-00C04F79EFBC}") = "AppointmentService", "AppointmentService.csproj", "{105300D5-95F7-4A5F-9B64-E1539F4A2EE2}"
EndProject
Global
	GlobalSection(SolutionConfigurationPlatforms) = preSolution
		Debug|Any CPU = Debug|Any CPU
		Release|Any CPU = Release|Any CPU
	EndGlobalSection
	GlobalSection(ProjectConfigurationPlatforms) = postSolution
		{105300D5-95F7-4A5F-9B64-E1539F4A2EE2}.Debug|Any CPU.ActiveCfg = Debug|Any CPU
		{105300D5-95F7-4A5F-9B64-E1539F4A2EE2}.Debug|Any CPU.Build.0 = Debug|Any CPU
		{105300D5-95F7-4A5F-9B64-E1539F4A2EE2}.Release|Any CPU.ActiveCfg = Release|Any CPU
		{105300D5-95F7-4A5F-9B64-E1539F4A2EE2}.Release|Any CPU.Build.0 = Release|Any CPU
	EndGlobalSection
	GlobalSection(SolutionProperties) = preSolution
		HideSolutionNode = FALSE
	EndGlobalSection
	GlobalSection(ExtensibilityGlobals) = postSolution
		SolutionGuid = {CA85B83A-4363-4DB2-993D-11C1910D29FF}
	EndGlobalSection
EndGlobal
